// !$*UTF8*$!
{
	archiveVersion = 1;
	classes = {
	};
	objectVersion = 77;
	objects = {

/* Begin PBXBuildFile section */
		08977185B752342BB63A2135 /* AudioAnalyzer.swift in Sources */ = {isa = PBXBuildFile; fileRef = 7468044CBA915323948D96A1 /* AudioAnalyzer.swift */; };
		0AC0FAE78D0392FB51C1877D /* ScoreCanvasView.swift in Sources */ = {isa = PBXBuildFile; fileRef = 6C793D2994B939619B3670F4 /* ScoreCanvasView.swift */; };
		14DA2583EAA18AADC75FB0B4 /* ScoreAudioPlayer.swift in Sources */ = {isa = PBXBuildFile; fileRef = 5E8B92B91EE4A5BFA11B9BA7 /* ScoreAudioPlayer.swift */; };
		1545F43CD50E7073F97006E0 /* ScoreExport.swift in Sources */ = {isa = PBXBuildFile; fileRef = 349B321E771B6130238A5383 /* ScoreExport.swift */; };
		2CA4A3ADEAFCF1C88A1B4804 /* ScoreModels.swift in Sources */ = {isa = PBXBuildFile; fileRef = 89275C593D2365CF1D5D8204 /* ScoreModels.swift */; };
		3710D191F73EEC1A82F047D9 /* Assets.xcassets in Resources */ = {isa = PBXBuildFile; fileRef = B63AFDADE04A6DC48812F6D7 /* Assets.xcassets */; };
		879D3530FCB2DA9DD558DEEC /* ScoreBuilder.swift in Sources */ = {isa = PBXBuildFile; fileRef = 1AF500E01A6AD2B02F45EFD6 /* ScoreBuilder.swift */; };
		8E0890A7378755B90AEA0291 /* Models.swift in Sources */ = {isa = PBXBuildFile; fileRef = 01812D672C049831455BE0BB /* Models.swift */; };
		C480AB2FCE3086359DD68D57 /* ContentView.swift in Sources */ = {isa = PBXBuildFile; fileRef = 98420FB07A374FBE55521BFF /* ContentView.swift */; };
		D94229341BD39B9FE3FA4B6C /* HarmonicColoring.swift in Sources */ = {isa = PBXBuildFile; fileRef = B7483166585F6C78D6480E15 /* HarmonicColoring.swift */; };
		F4D98AFAF0E0339DA35F6B5F /* WOSViewerApp.swift in Sources */ = {isa = PBXBuildFile; fileRef = F0FBD7D89302BAA888A86F4A /* WOSViewerApp.swift */; };
		FA557DAE7451A964C8C3E074 /* PitchHarmony.swift in Sources */ = {isa = PBXBuildFile; fileRef = 087ED0235CD795DD212ACCB3 /* PitchHarmony.swift */; };
/* End PBXBuildFile section */

/* Begin PBXFileReference section */
		01812D672C049831455BE0BB /* Models.swift */ = {isa = PBXFileReference; lastKnownFileType = sourcecode.swift; path = Models.swift; sourceTree = "<group>"; };
		087ED0235CD795DD212ACCB3 /* PitchHarmony.swift */ = {isa = PBXFileReference; lastKnownFileType = sourcecode.swift; path = PitchHarmony.swift; sourceTree = "<group>"; };
		1AF500E01A6AD2B02F45EFD6 /* ScoreBuilder.swift */ = {isa = PBXFileReference; lastKnownFileType = sourcecode.swift; path = ScoreBuilder.swift; sourceTree = "<group>"; };
		349B321E771B6130238A5383 /* ScoreExport.swift */ = {isa = PBXFileReference; lastKnownFileType = sourcecode.swift; path = ScoreExport.swift; sourceTree = "<group>"; };
		49556E871C1D52B1EA43E701 /* WOSViewer.entitlements */ = {isa = PBXFileReference; lastKnownFileType = text.plist.entitlements; path = WOSViewer.entitlements; sourceTree = "<group>"; };
		4E72C55D2F192ED2783DA149 /* WOSViewer.app */ = {isa = PBXFileReference; explicitFileType = wrapper.application; includeInIndex = 0; path = WOSViewer.app; sourceTree = BUILT_PRODUCTS_DIR; };
		5E8B92B91EE4A5BFA11B9BA7 /* ScoreAudioPlayer.swift */ = {isa = PBXFileReference; lastKnownFileType = sourcecode.swift; path = ScoreAudioPlayer.swift; sourceTree = "<group>"; };
		6C793D2994B939619B3670F4 /* ScoreCanvasView.swift */ = {isa = PBXFileReference; lastKnownFileType = sourcecode.swift; path = ScoreCanvasView.swift; sourceTree = "<group>"; };
		6D6A73847795C479E3211A50 /* Info.plist */ = {isa = PBXFileReference; lastKnownFileType = text.plist; path = Info.plist; sourceTree = "<group>"; };
		7468044CBA915323948D96A1 /* AudioAnalyzer.swift */ = {isa = PBXFileReference; lastKnownFileType = sourcecode.swift; path = AudioAnalyzer.swift; sourceTree = "<group>"; };
		89275C593D2365CF1D5D8204 /* ScoreModels.swift */ = {isa = PBXFileReference; lastKnownFileType = sourcecode.swift; path = ScoreModels.swift; sourceTree = "<group>"; };
		98420FB07A374FBE55521BFF /* ContentView.swift */ = {isa = PBXFileReference; lastKnownFileType = sourcecode.swift; path = ContentView.swift; sourceTree = "<group>"; };
		B63AFDADE04A6DC48812F6D7 /* Assets.xcassets */ = {isa = PBXFileReference; lastKnownFileType = folder.assetcatalog; path = Assets.xcassets; sourceTree = "<group>"; };
		B7483166585F6C78D6480E15 /* HarmonicColoring.swift */ = {isa = PBXFileReference; lastKnownFileType = sourcecode.swift; path = HarmonicColoring.swift; sourceTree = "<group>"; };
		F0FBD7D89302BAA888A86F4A /* WOSViewerApp.swift */ = {isa = PBXFileReference; lastKnownFileType = sourcecode.swift; path = WOSViewerApp.swift; sourceTree = "<group>"; };
/* End PBXFileReference section */

/* Begin PBXGroup section */
		231E0DAD65FFC48B59D9ABC8 /* WOSViewer */ = {
			isa = PBXGroup;
			children = (
				B63AFDADE04A6DC48812F6D7 /* Assets.xcassets */,
				7468044CBA915323948D96A1 /* AudioAnalyzer.swift */,
				98420FB07A374FBE55521BFF /* ContentView.swift */,
				B7483166585F6C78D6480E15 /* HarmonicColoring.swift */,
				6D6A73847795C479E3211A50 /* Info.plist */,
				01812D672C049831455BE0BB /* Models.swift */,
				087ED0235CD795DD212ACCB3 /* PitchHarmony.swift */,
				5E8B92B91EE4A5BFA11B9BA7 /* ScoreAudioPlayer.swift */,
				1AF500E01A6AD2B02F45EFD6 /* ScoreBuilder.swift */,
				6C793D2994B939619B3670F4 /* ScoreCanvasView.swift */,
				349B321E771B6130238A5383 /* ScoreExport.swift */,
				89275C593D2365CF1D5D8204 /* ScoreModels.swift */,
				49556E871C1D52B1EA43E701 /* WOSViewer.entitlements */,
				F0FBD7D89302BAA888A86F4A /* WOSViewerApp.swift */,
			);
			path = WOSViewer;
			sourceTree = "<group>";
		};
		3E28C8612AA2A9A597DDAA41 /* Products */ = {
			isa = PBXGroup;
			children = (
				4E72C55D2F192ED2783DA149 /* WOSViewer.app */,
			);
			name = Products;
			sourceTree = "<group>";
		};
		A9294068730DCC95B857D372 = {
			isa = PBXGroup;
			children = (
				231E0DAD65FFC48B59D9ABC8 /* WOSViewer */,
				3E28C8612AA2A9A597DDAA41 /* Products */,
			);
			sourceTree = "<group>";
		};
/* End PBXGroup section */

/* Begin PBXNativeTarget section */
		81AC2CA2DE5A36753F40C7B6 /* WOSViewer */ = {
			isa = PBXNativeTarget;
			buildConfigurationList = 015B527C71A452CED82B5A63 /* Build configuration list for PBXNativeTarget "WOSViewer" */;
			buildPhases = (
				E194C9763ED21D06269C2D07 /* Sources */,
				8A2090B1BE6171D6AE73F794 /* Resources */,
			);
			buildRules = (
			);
			dependencies = (
			);
			name = WOSViewer;
			packageProductDependencies = (
			);
			productName = WOSViewer;
			productReference = 4E72C55D2F192ED2783DA149 /* WOSViewer.app */;
			productType = "com.apple.product-type.application";
		};
/* End PBXNativeTarget section */

/* Begin PBXProject section */
		4EB3F583F18455E46057E85C /* Project object */ = {
			isa = PBXProject;
			attributes = {
				BuildIndependentTargetsInParallel = YES;
				LastUpgradeCheck = 1500;
				TargetAttributes = {
				};
			};
			buildConfigurationList = 09A2BADD7E39D96883969352 /* Build configuration list for PBXProject "WOSViewer" */;
			developmentRegion = en;
			hasScannedForEncodings = 0;
			knownRegions = (
				Base,
				en,
			);
			mainGroup = A9294068730DCC95B857D372;
			minimizedProjectReferenceProxies = 1;
			preferredProjectObjectVersion = 77;
			productRefGroup = 3E28C8612AA2A9A597DDAA41 /* Products */;
			projectDirPath = "";
			projectRoot = "";
			targets = (
				81AC2CA2DE5A36753F40C7B6 /* WOSViewer */,
			);
		};
/* End PBXProject section */

/* Begin PBXResourcesBuildPhase section */
		8A2090B1BE6171D6AE73F794 /* Resources */ = {
			isa = PBXResourcesBuildPhase;
			buildActionMask = 2147483647;
			files = (
				3710D191F73EEC1A82F047D9 /* Assets.xcassets in Resources */,
			);
			runOnlyForDeploymentPostprocessing = 0;
		};
/* End PBXResourcesBuildPhase section */

/* Begin PBXSourcesBuildPhase section */
		E194C9763ED21D06269C2D07 /* Sources */ = {
			isa = PBXSourcesBuildPhase;
			buildActionMask = 2147483647;
			files = (
				08977185B752342BB63A2135 /* AudioAnalyzer.swift in Sources */,
				C480AB2FCE3086359DD68D57 /* ContentView.swift in Sources */,
				D94229341BD39B9FE3FA4B6C /* HarmonicColoring.swift in Sources */,
				8E0890A7378755B90AEA0291 /* Models.swift in Sources */,
				FA557DAE7451A964C8C3E074 /* PitchHarmony.swift in Sources */,
				14DA2583EAA18AADC75FB0B4 /* ScoreAudioPlayer.swift in Sources */,
				879D3530FCB2DA9DD558DEEC /* ScoreBuilder.swift in Sources */,
				0AC0FAE78D0392FB51C1877D /* ScoreCanvasView.swift in Sources */,
				1545F43CD50E7073F97006E0 /* ScoreExport.swift in Sources */,
				2CA4A3ADEAFCF1C88A1B4804 /* ScoreModels.swift in Sources */,
				F4D98AFAF0E0339DA35F6B5F /* WOSViewerApp.swift in Sources */,
			);
			runOnlyForDeploymentPostprocessing = 0;
		};
/* End PBXSourcesBuildPhase section */

/* Begin XCBuildConfiguration section */
		B44F84F5809E1980FF6FEE07 /* Release */ = {
			isa = XCBuildConfiguration;
			buildSettings = {
				ASSETCATALOG_COMPILER_APPICON_NAME = AppIcon;
				CODE_SIGN_ENTITLEMENTS = WOSViewer/WOSViewer.entitlements;
				COMBINE_HIDPI_IMAGES = YES;
				ENABLE_HARDENED_RUNTIME = YES;
				INFOPLIST_FILE = WOSViewer/Info.plist;
				LD_RUNPATH_SEARCH_PATHS = "@executable_path/../Frameworks";
				PRODUCT_NAME = "WOS Viewer";
				SDKROOT = macosx;
			};
			name = Release;
		};
		B756814344BF3234970C03C7 /* Debug */ = {
			isa = XCBuildConfiguration;
			buildSettings = {
				ALWAYS_SEARCH_USER_PATHS = NO;
				ASSETCATALOG_COMPILER_APPICON_NAME = AppIcon;
				CLANG_ANALYZER_NONNULL = YES;
				CLANG_ANALYZER_NUMBER_OBJECT_CONVERSION = YES_AGGRESSIVE;
				CLANG_CXX_LANGUAGE_STANDARD = "gnu++14";
				CLANG_CXX_LIBRARY = "libc++";
				CLANG_ENABLE_MODULES = YES;
				CLANG_ENABLE_OBJC_ARC = YES;
				CLANG_ENABLE_OBJC_WEAK = YES;
				CLANG_WARN_BLOCK_CAPTURE_AUTORELEASING = YES;
				CLANG_WARN_BOOL_CONVERSION = YES;
				CLANG_WARN_COMMA = YES;
				CLANG_WARN_CONSTANT_CONVERSION = YES;
				CLANG_WARN_DEPRECATED_OBJC_IMPLEMENTATIONS = YES;
				CLANG_WARN_DIRECT_OBJC_ISA_USAGE = YES_ERROR;
				CLANG_WARN_DOCUMENTATION_COMMENTS = YES;
				CLANG_WARN_EMPTY_BODY = YES;
				CLANG_WARN_ENUM_CONVERSION = YES;
				CLANG_WARN_INFINITE_RECURSION = YES;
				CLANG_WARN_INT_CONVERSION = YES;
				CLANG_WARN_NON_LITERAL_NULL_CONVERSION = YES;
				CLANG_WARN_OBJC_IMPLICIT_RETAIN_SELF = YES;
				CLANG_WARN_OBJC_LITERAL_CONVERSION = YES;
				CLANG_WARN_OBJC_ROOT_CLASS = YES_ERROR;
				CLANG_WARN_QUOTED_INCLUDE_IN_FRAMEWORK_HEADER = YES;
				CLANG_WARN_RANGE_LOOP_ANALYSIS = YES;
				CLANG_WARN_STRICT_PROTOTYPES = YES;
				CLANG_WARN_SUSPICIOUS_MOVE = YES;
				CLANG_WARN_UNGUARDED_AVAILABILITY = YES_AGGRESSIVE;
				CLANG_WARN_UNREACHABLE_CODE = YES;
				CLANG_WARN__DUPLICATE_METHOD_MATCH = YES;
				COPY_PHASE_STRIP = NO;
				DEBUG_INFORMATION_FORMAT = dwarf;
				ENABLE_STRICT_OBJC_MSGSEND = YES;
				ENABLE_TESTABILITY = YES;
				GCC_C_LANGUAGE_STANDARD = gnu11;
				GCC_DYNAMIC_NO_PIC = NO;
				GCC_NO_COMMON_BLOCKS = YES;
				GCC_OPTIMIZATION_LEVEL = 0;
				GCC_PREPROCESSOR_DEFINITIONS = (
					"$(inherited)",
					"DEBUG=1",
				);
				GCC_WARN_64_TO_32_BIT_CONVERSION = YES;
				GCC_WARN_ABOUT_RETURN_TYPE = YES_ERROR;
				GCC_WARN_UNDECLARED_SELECTOR = YES;
				GCC_WARN_UNINITIALIZED_AUTOS = YES_AGGRESSIVE;
				GCC_WARN_UNUSED_FUNCTION = YES;
				GCC_WARN_UNUSED_VARIABLE = YES;
				GENERATE_INFOPLIST_FILE = YES;
				INFOPLIST_KEY_CFBundleDisplayName = "WOS Viewer";
				INFOPLIST_KEY_LSApplicationCategoryType = "public.app-category.music";
				INFOPLIST_KEY_NSHumanReadableCopyright = "© WallofSound AB";
				INFOPLIST_KEY_NSMicrophoneUsageDescription = "Not used — audio is loaded from files only.";
				MACOSX_DEPLOYMENT_TARGET = 14.0;
				MTL_ENABLE_DEBUG_INFO = INCLUDE_SOURCE;
				MTL_FAST_MATH = YES;
				ONLY_ACTIVE_ARCH = YES;
				PRODUCT_BUNDLE_IDENTIFIER = se.wallofsound.WOSViewer;
				PRODUCT_NAME = "$(TARGET_NAME)";
				SDKROOT = macosx;
				SWIFT_ACTIVE_COMPILATION_CONDITIONS = DEBUG;
				SWIFT_OPTIMIZATION_LEVEL = "-Onone";
				SWIFT_VERSION = 5.9;
			};
			name = Debug;
		};
		C44E047A73DE378F6F030270 /* Release */ = {
			isa = XCBuildConfiguration;
			buildSettings = {
				ALWAYS_SEARCH_USER_PATHS = NO;
				ASSETCATALOG_COMPILER_APPICON_NAME = AppIcon;
				CLANG_ANALYZER_NONNULL = YES;
				CLANG_ANALYZER_NUMBER_OBJECT_CONVERSION = YES_AGGRESSIVE;
				CLANG_CXX_LANGUAGE_STANDARD = "gnu++14";
				CLANG_CXX_LIBRARY = "libc++";
				CLANG_ENABLE_MODULES = YES;
				CLANG_ENABLE_OBJC_ARC = YES;
				CLANG_ENABLE_OBJC_WEAK = YES;
				CLANG_WARN_BLOCK_CAPTURE_AUTORELEASING = YES;
				CLANG_WARN_BOOL_CONVERSION = YES;
				CLANG_WARN_COMMA = YES;
				CLANG_WARN_CONSTANT_CONVERSION = YES;
				CLANG_WARN_DEPRECATED_OBJC_IMPLEMENTATIONS = YES;
				CLANG_WARN_DIRECT_OBJC_ISA_USAGE = YES_ERROR;
				CLANG_WARN_DOCUMENTATION_COMMENTS = YES;
				CLANG_WARN_EMPTY_BODY = YES;
				CLANG_WARN_ENUM_CONVERSION = YES;
				CLANG_WARN_INFINITE_RECURSION = YES;
				CLANG_WARN_INT_CONVERSION = YES;
				CLANG_WARN_NON_LITERAL_NULL_CONVERSION = YES;
				CLANG_WARN_OBJC_IMPLICIT_RETAIN_SELF = YES;
				CLANG_WARN_OBJC_LITERAL_CONVERSION = YES;
				CLANG_WARN_OBJC_ROOT_CLASS = YES_ERROR;
				CLANG_WARN_QUOTED_INCLUDE_IN_FRAMEWORK_HEADER = YES;
				CLANG_WARN_RANGE_LOOP_ANALYSIS = YES;
				CLANG_WARN_STRICT_PROTOTYPES = YES;
				CLANG_WARN_SUSPICIOUS_MOVE = YES;
				CLANG_WARN_UNGUARDED_AVAILABILITY = YES_AGGRESSIVE;
				CLANG_WARN_UNREACHABLE_CODE = YES;
				CLANG_WARN__DUPLICATE_METHOD_MATCH = YES;
				COPY_PHASE_STRIP = NO;
				DEBUG_INFORMATION_FORMAT = "dwarf-with-dsym";
				ENABLE_NS_ASSERTIONS = NO;
				ENABLE_STRICT_OBJC_MSGSEND = YES;
				GCC_C_LANGUAGE_STANDARD = gnu11;
				GCC_NO_COMMON_BLOCKS = YES;
				GCC_WARN_64_TO_32_BIT_CONVERSION = YES;
				GCC_WARN_ABOUT_RETURN_TYPE = YES_ERROR;
				GCC_WARN_UNDECLARED_SELECTOR = YES;
				GCC_WARN_UNINITIALIZED_AUTOS = YES_AGGRESSIVE;
				GCC_WARN_UNUSED_FUNCTION = YES;
				GCC_WARN_UNUSED_VARIABLE = YES;
				GENERATE_INFOPLIST_FILE = YES;
				INFOPLIST_KEY_CFBundleDisplayName = "WOS Viewer";
				INFOPLIST_KEY_LSApplicationCategoryType = "public.app-category.music";
				INFOPLIST_KEY_NSHumanReadableCopyright = "© WallofSound AB";
				INFOPLIST_KEY_NSMicrophoneUsageDescription = "Not used — audio is loaded from files only.";
				MACOSX_DEPLOYMENT_TARGET = 14.0;
				MTL_ENABLE_DEBUG_INFO = NO;
				MTL_FAST_MATH = YES;
				PRODUCT_BUNDLE_IDENTIFIER = se.wallofsound.WOSViewer;
				PRODUCT_NAME = "$(TARGET_NAME)";
				SDKROOT = macosx;
				SWIFT_COMPILATION_MODE = wholemodule;
				SWIFT_OPTIMIZATION_LEVEL = "-O";
				SWIFT_VERSION = 5.9;
			};
			name = Release;
		};
		D1C844A7F2CEF85EA8E184D6 /* Debug */ = {
			isa = XCBuildConfiguration;
			buildSettings = {
				ASSETCATALOG_COMPILER_APPICON_NAME = AppIcon;
				CODE_SIGN_ENTITLEMENTS = WOSViewer/WOSViewer.entitlements;
				COMBINE_HIDPI_IMAGES = YES;
				ENABLE_HARDENED_RUNTIME = YES;
				INFOPLIST_FILE = WOSViewer/Info.plist;
				LD_RUNPATH_SEARCH_PATHS = "@executable_path/../Frameworks";
				PRODUCT_NAME = "WOS Viewer";
				SDKROOT = macosx;
			};
			name = Debug;
		};
/* End XCBuildConfiguration section */

/* Begin XCConfigurationList section */
		015B527C71A452CED82B5A63 /* Build configuration list for PBXNativeTarget "WOSViewer" */ = {
			isa = XCConfigurationList;
			buildConfigurations = (
				D1C844A7F2CEF85EA8E184D6 /* Debug */,
				B44F84F5809E1980FF6FEE07 /* Release */,
			);
			defaultConfigurationIsVisible = 0;
			defaultConfigurationName = Debug;
		};
		09A2BADD7E39D96883969352 /* Build configuration list for PBXProject "WOSViewer" */ = {
			isa = XCConfigurationList;
			buildConfigurations = (
				B756814344BF3234970C03C7 /* Debug */,
				C44E047A73DE378F6F030270 /* Release */,
			);
			defaultConfigurationIsVisible = 0;
			defaultConfigurationName = Debug;
		};
/* End XCConfigurationList section */
	};
	rootObject = 4EB3F583F18455E46057E85C /* Project object */;
}
